// !$*UTF8*$!
{
	archiveVersion = 1;
	classes = {
	};
	objectVersion = 55;
	objects = {

/* Begin PBXBuildFile section */
		7463C9152A1611C30080B54E /* PointsNumView.swift in Sources */ = {isa = PBXBuildFile; fileRef = 7463C9142A1611C30080B54E /* PointsNumView.swift */; };
		7463C9172A16B0410080B54E /* CoinNumber.swift in Sources */ = {isa = PBXBuildFile; fileRef = 7463C9162A16B0410080B54E /* CoinNumber.swift */; };
		7463C9192A16C28A0080B54E /* FavIconView.swift in Sources */ = {isa = PBXBuildFile; fileRef = 7463C9182A16C28A0080B54E /* FavIconView.swift */; };
		7463C91B2A1758DE0080B54E /* MainHomeView.swift in Sources */ = {isa = PBXBuildFile; fileRef = 7463C91A2A1758DE0080B54E /* MainHomeView.swift */; };
		7463C91D2A1773E80080B54E /* YourCoinView.swift in Sources */ = {isa = PBXBuildFile; fileRef = 7463C91C2A1773E80080B54E /* YourCoinView.swift */; };
		7481BFD52A0A3B3600E7E605 /* ShopView.swift in Sources */ = {isa = PBXBuildFile; fileRef = 7481BFD42A0A3B3600E7E605 /* ShopView.swift */; };
		7481BFD92A0A5B4800E7E605 /* ExercisesView.swift in Sources */ = {isa = PBXBuildFile; fileRef = 7481BFD82A0A5B4800E7E605 /* ExercisesView.swift */; };
		7487127429FE84D4005313AA /* ShopIcon.swift in Sources */ = {isa = PBXBuildFile; fileRef = 7487127329FE84D4005313AA /* ShopIcon.swift */; };
		7487127629FE8933005313AA /* TestView.swift in Sources */ = {isa = PBXBuildFile; fileRef = 7487127529FE8933005313AA /* TestView.swift */; };
		7488501E2A003E6200F8BC47 /* StatsIcon.swift in Sources */ = {isa = PBXBuildFile; fileRef = 7488501D2A003E6200F8BC47 /* StatsIcon.swift */; };
		748850202A00440F00F8BC47 /* Background.swift in Sources */ = {isa = PBXBuildFile; fileRef = 7488501F2A00440F00F8BC47 /* Background.swift */; };
		748850252A03AB7D00F8BC47 /* CentrumView.swift in Sources */ = {isa = PBXBuildFile; fileRef = 748850242A03AB7D00F8BC47 /* CentrumView.swift */; };
		7488502A2A03B26800F8BC47 /* TrainingsModel.swift in Sources */ = {isa = PBXBuildFile; fileRef = 748850292A03B26800F8BC47 /* TrainingsModel.swift */; };
		7488502C2A03B50A00F8BC47 /* TrainingsData.swift in Sources */ = {isa = PBXBuildFile; fileRef = 7488502B2A03B50A00F8BC47 /* TrainingsData.swift */; };
		7488502F2A03B61E00F8BC47 /* Tescik.swift in Sources */ = {isa = PBXBuildFile; fileRef = 7488502E2A03B61E00F8BC47 /* Tescik.swift */; };
		748850352A04FBE800F8BC47 /* SlideView.swift in Sources */ = {isa = PBXBuildFile; fileRef = 748850342A04FBE800F8BC47 /* SlideView.swift */; };
		748850372A051AA100F8BC47 /* SettingsIcon.swift in Sources */ = {isa = PBXBuildFile; fileRef = 748850362A051AA100F8BC47 /* SettingsIcon.swift */; };
		74BFA8CB29F587D300F0016C /* TrainlyApp.swift in Sources */ = {isa = PBXBuildFile; fileRef = 74BFA8CA29F587D300F0016C /* TrainlyApp.swift */; };
		74BFA8CD29F587D300F0016C /* ContentView.swift in Sources */ = {isa = PBXBuildFile; fileRef = 74BFA8CC29F587D300F0016C /* ContentView.swift */; };
		74BFA8CF29F587D500F0016C /* Assets.xcassets in Resources */ = {isa = PBXBuildFile; fileRef = 74BFA8CE29F587D500F0016C /* Assets.xcassets */; };
		74BFA8D229F587D500F0016C /* Preview Assets.xcassets in Resources */ = {isa = PBXBuildFile; fileRef = 74BFA8D129F587D500F0016C /* Preview Assets.xcassets */; };
		74BFA8DC29F587D600F0016C /* TrainlyTests.swift in Sources */ = {isa = PBXBuildFile; fileRef = 74BFA8DB29F587D600F0016C /* TrainlyTests.swift */; };
		74BFA8E629F587D600F0016C /* TrainlyUITests.swift in Sources */ = {isa = PBXBuildFile; fileRef = 74BFA8E529F587D600F0016C /* TrainlyUITests.swift */; };
		74BFA8E829F587D600F0016C /* TrainlyUITestsLaunchTests.swift in Sources */ = {isa = PBXBuildFile; fileRef = 74BFA8E729F587D600F0016C /* TrainlyUITestsLaunchTests.swift */; };
		74BFA8F829F589D000F0016C /* TaskBar.swift in Sources */ = {isa = PBXBuildFile; fileRef = 74BFA8F729F589D000F0016C /* TaskBar.swift */; };
/* End PBXBuildFile section */

/* Begin PBXContainerItemProxy section */
		74BFA8D829F587D600F0016C /* PBXContainerItemProxy */ = {
			isa = PBXContainerItemProxy;
			containerPortal = 74BFA8BF29F587D300F0016C /* Project object */;
			proxyType = 1;
			remoteGlobalIDString = 74BFA8C629F587D300F0016C;
			remoteInfo = Trainly;
		};
		74BFA8E229F587D600F0016C /* PBXContainerItemProxy */ = {
			isa = PBXContainerItemProxy;
			containerPortal = 74BFA8BF29F587D300F0016C /* Project object */;
			proxyType = 1;
			remoteGlobalIDString = 74BFA8C629F587D300F0016C;
			remoteInfo = Trainly;
		};
/* End PBXContainerItemProxy section */

/* Begin PBXFileReference section */
		7463C9142A1611C30080B54E /* PointsNumView.swift */ = {isa = PBXFileReference; lastKnownFileType = sourcecode.swift; path = PointsNumView.swift; sourceTree = "<group>"; };
		7463C9162A16B0410080B54E /* CoinNumber.swift */ = {isa = PBXFileReference; lastKnownFileType = sourcecode.swift; path = CoinNumber.swift; sourceTree = "<group>"; };
		7463C9182A16C28A0080B54E /* FavIconView.swift */ = {isa = PBXFileReference; lastKnownFileType = sourcecode.swift; path = FavIconView.swift; sourceTree = "<group>"; };
		7463C91A2A1758DE0080B54E /* MainHomeView.swift */ = {isa = PBXFileReference; lastKnownFileType = sourcecode.swift; path = MainHomeView.swift; sourceTree = "<group>"; };
		7463C91C2A1773E80080B54E /* YourCoinView.swift */ = {isa = PBXFileReference; lastKnownFileType = sourcecode.swift; path = YourCoinView.swift; sourceTree = "<group>"; };
		7481BFD42A0A3B3600E7E605 /* ShopView.swift */ = {isa = PBXFileReference; lastKnownFileType = sourcecode.swift; path = ShopView.swift; sourceTree = "<group>"; };
		7481BFD82A0A5B4800E7E605 /* ExercisesView.swift */ = {isa = PBXFileReference; lastKnownFileType = sourcecode.swift; path = ExercisesView.swift; sourceTree = "<group>"; };
		7487127329FE84D4005313AA /* ShopIcon.swift */ = {isa = PBXFileReference; lastKnownFileType = sourcecode.swift; path = ShopIcon.swift; sourceTree = "<group>"; };
		7487127529FE8933005313AA /* TestView.swift */ = {isa = PBXFileReference; lastKnownFileType = sourcecode.swift; path = TestView.swift; sourceTree = "<group>"; };
		7488501D2A003E6200F8BC47 /* StatsIcon.swift */ = {isa = PBXFileReference; lastKnownFileType = sourcecode.swift; path = StatsIcon.swift; sourceTree = "<group>"; };
		7488501F2A00440F00F8BC47 /* Background.swift */ = {isa = PBXFileReference; lastKnownFileType = sourcecode.swift; path = Background.swift; sourceTree = "<group>"; };
		748850242A03AB7D00F8BC47 /* CentrumView.swift */ = {isa = PBXFileReference; lastKnownFileType = sourcecode.swift; path = CentrumView.swift; sourceTree = "<group>"; };
		748850292A03B26800F8BC47 /* TrainingsModel.swift */ = {isa = PBXFileReference; lastKnownFileType = sourcecode.swift; path = TrainingsModel.swift; sourceTree = "<group>"; };
		7488502B2A03B50A00F8BC47 /* TrainingsData.swift */ = {isa = PBXFileReference; lastKnownFileType = sourcecode.swift; path = TrainingsData.swift; sourceTree = "<group>"; };
		7488502E2A03B61E00F8BC47 /* Tescik.swift */ = {isa = PBXFileReference; lastKnownFileType = sourcecode.swift; path = Tescik.swift; sourceTree = "<group>"; };
		748850342A04FBE800F8BC47 /* SlideView.swift */ = {isa = PBXFileReference; lastKnownFileType = sourcecode.swift; path = SlideView.swift; sourceTree = "<group>"; };
		748850362A051AA100F8BC47 /* SettingsIcon.swift */ = {isa = PBXFileReference; lastKnownFileType = sourcecode.swift; path = SettingsIcon.swift; sourceTree = "<group>"; };
		74BFA8C729F587D300F0016C /* Trainly.app */ = {isa = PBXFileReference; explicitFileType = wrapper.application; includeInIndex = 0; path = Trainly.app; sourceTree = BUILT_PRODUCTS_DIR; };
		74BFA8CA29F587D300F0016C /* TrainlyApp.swift */ = {isa = PBXFileReference; lastKnownFileType = sourcecode.swift; path = TrainlyApp.swift; sourceTree = "<group>"; };
		74BFA8CC29F587D300F0016C /* ContentView.swift */ = {isa = PBXFileReference; lastKnownFileType = sourcecode.swift; path = ContentView.swift; sourceTree = "<group>"; };
		74BFA8CE29F587D500F0016C /* Assets.xcassets */ = {isa = PBXFileReference; lastKnownFileType = folder.assetcatalog; path = Assets.xcassets; sourceTree = "<group>"; };
		74BFA8D129F587D500F0016C /* Preview Assets.xcassets */ = {isa = PBXFileReference; lastKnownFileType = folder.assetcatalog; path = "Preview Assets.xcassets"; sourceTree = "<group>"; };
		74BFA8D729F587D600F0016C /* TrainlyTests.xctest */ = {isa = PBXFileReference; explicitFileType = wrapper.cfbundle; includeInIndex = 0; path = TrainlyTests.xctest; sourceTree = BUILT_PRODUCTS_DIR; };
		74BFA8DB29F587D600F0016C /* TrainlyTests.swift */ = {isa = PBXFileReference; lastKnownFileType = sourcecode.swift; path = TrainlyTests.swift; sourceTree = "<group>"; };
		74BFA8E129F587D600F0016C /* TrainlyUITests.xctest */ = {isa = PBXFileReference; explicitFileType = wrapper.cfbundle; includeInIndex = 0; path = TrainlyUITests.xctest; sourceTree = BUILT_PRODUCTS_DIR; };
		74BFA8E529F587D600F0016C /* TrainlyUITests.swift */ = {isa = PBXFileReference; lastKnownFileType = sourcecode.swift; path = TrainlyUITests.swift; sourceTree = "<group>"; };
		74BFA8E729F587D600F0016C /* TrainlyUITestsLaunchTests.swift */ = {isa = PBXFileReference; lastKnownFileType = sourcecode.swift; path = TrainlyUITestsLaunchTests.swift; sourceTree = "<group>"; };
		74BFA8F729F589D000F0016C /* TaskBar.swift */ = {isa = PBXFileReference; lastKnownFileType = sourcecode.swift; path = TaskBar.swift; sourceTree = "<group>"; };
/* End PBXFileReference section */

/* Begin PBXFrameworksBuildPhase section */
		74BFA8C429F587D300F0016C /* Frameworks */ = {
			isa = PBXFrameworksBuildPhase;
			buildActionMask = 2147483647;
			files = (
			);
			runOnlyForDeploymentPostprocessing = 0;
		};
		74BFA8D429F587D600F0016C /* Frameworks */ = {
			isa = PBXFrameworksBuildPhase;
			buildActionMask = 2147483647;
			files = (
			);
			runOnlyForDeploymentPostprocessing = 0;
		};
		74BFA8DE29F587D600F0016C /* Frameworks */ = {
			isa = PBXFrameworksBuildPhase;
			buildActionMask = 2147483647;
			files = (
			);
			runOnlyForDeploymentPostprocessing = 0;
		};
/* End PBXFrameworksBuildPhase section */

/* Begin PBXGroup section */
		7481BFD32A0A3AE600E7E605 /* Shop */ = {
			isa = PBXGroup;
			children = (
				7487127329FE84D4005313AA /* ShopIcon.swift */,
				7481BFD42A0A3B3600E7E605 /* ShopView.swift */,
				7463C91C2A1773E80080B54E /* YourCoinView.swift */,
			);
			path = Shop;
			sourceTree = "<group>";
		};
		7481BFD62A0A3D3600E7E605 /* Stats */ = {
			isa = PBXGroup;
			children = (
				7488501D2A003E6200F8BC47 /* StatsIcon.swift */,
			);
			path = Stats;
			sourceTree = "<group>";
		};
		7481BFD72A0A5B0900E7E605 /* Exercises */ = {
			isa = PBXGroup;
			children = (
				7481BFD82A0A5B4800E7E605 /* ExercisesView.swift */,
			);
			path = Exercises;
			sourceTree = "<group>";
		};
		7487127229FE8476005313AA /* HomeView */ = {
			isa = PBXGroup;
			children = (
				748850232A03AB3600F8BC47 /* Centrum */,
				7481BFD32A0A3AE600E7E605 /* Shop */,
				7481BFD62A0A3D3600E7E605 /* Stats */,
				7488501F2A00440F00F8BC47 /* Background.swift */,
				748850362A051AA100F8BC47 /* SettingsIcon.swift */,
				7463C91A2A1758DE0080B54E /* MainHomeView.swift */,
			);
			path = HomeView;
			sourceTree = "<group>";
		};
		748850232A03AB3600F8BC47 /* Centrum */ = {
			isa = PBXGroup;
			children = (
				748850242A03AB7D00F8BC47 /* CentrumView.swift */,
				748850342A04FBE800F8BC47 /* SlideView.swift */,
				7463C9142A1611C30080B54E /* PointsNumView.swift */,
				7463C9162A16B0410080B54E /* CoinNumber.swift */,
				7463C9182A16C28A0080B54E /* FavIconView.swift */,
			);
			path = Centrum;
			sourceTree = "<group>";
		};
		748850282A03AF7600F8BC47 /* Data */ = {
			isa = PBXGroup;
			children = (
				748850292A03B26800F8BC47 /* TrainingsModel.swift */,
				7488502B2A03B50A00F8BC47 /* TrainingsData.swift */,
			);
			path = Data;
			sourceTree = "<group>";
		};
		7488502D2A03B60C00F8BC47 /* Test */ = {
			isa = PBXGroup;
			children = (
				7487127529FE8933005313AA /* TestView.swift */,
				7488502E2A03B61E00F8BC47 /* Tescik.swift */,
			);
			path = Test;
			sourceTree = "<group>";
		};
		74BFA8BE29F587D300F0016C = {
			isa = PBXGroup;
			children = (
				74BFA8C929F587D300F0016C /* Trainly */,
				74BFA8DA29F587D600F0016C /* TrainlyTests */,
				74BFA8E429F587D600F0016C /* TrainlyUITests */,
				74BFA8C829F587D300F0016C /* Products */,
			);
			sourceTree = "<group>";
		};
		74BFA8C829F587D300F0016C /* Products */ = {
			isa = PBXGroup;
			children = (
				74BFA8C729F587D300F0016C /* Trainly.app */,
				74BFA8D729F587D600F0016C /* TrainlyTests.xctest */,
				74BFA8E129F587D600F0016C /* TrainlyUITests.xctest */,
			);
			name = Products;
			sourceTree = "<group>";
		};
		74BFA8C929F587D300F0016C /* Trainly */ = {
			isa = PBXGroup;
			children = (
				74BFA8F429F5881600F0016C /* MainView */,
				74BFA8CA29F587D300F0016C /* TrainlyApp.swift */,
				74BFA8CC29F587D300F0016C /* ContentView.swift */,
				74BFA8CE29F587D500F0016C /* Assets.xcassets */,
				74BFA8D029F587D500F0016C /* Preview Content */,
			);
			path = Trainly;
			sourceTree = "<group>";
		};
		74BFA8D029F587D500F0016C /* Preview Content */ = {
			isa = PBXGroup;
			children = (
				74BFA8D129F587D500F0016C /* Preview Assets.xcassets */,
			);
			path = "Preview Content";
			sourceTree = "<group>";
		};
		74BFA8DA29F587D600F0016C /* TrainlyTests */ = {
			isa = PBXGroup;
			children = (
				74BFA8DB29F587D600F0016C /* TrainlyTests.swift */,
			);
			path = TrainlyTests;
			sourceTree = "<group>";
		};
		74BFA8E429F587D600F0016C /* TrainlyUITests */ = {
			isa = PBXGroup;
			children = (
				74BFA8E529F587D600F0016C /* TrainlyUITests.swift */,
				74BFA8E729F587D600F0016C /* TrainlyUITestsLaunchTests.swift */,
			);
			path = TrainlyUITests;
			sourceTree = "<group>";
		};
		74BFA8F429F5881600F0016C /* MainView */ = {
			isa = PBXGroup;
			children = (
				7481BFD72A0A5B0900E7E605 /* Exercises */,
				7488502D2A03B60C00F8BC47 /* Test */,
				748850282A03AF7600F8BC47 /* Data */,
				7487127229FE8476005313AA /* HomeView */,
				74BFA8F729F589D000F0016C /* TaskBar.swift */,
			);
			path = MainView;
			sourceTree = "<group>";
		};
/* End PBXGroup section */

/* Begin PBXNativeTarget section */
		74BFA8C629F587D300F0016C /* Trainly */ = {
			isa = PBXNativeTarget;
			buildConfigurationList = 74BFA8EB29F587D600F0016C /* Build configuration list for PBXNativeTarget "Trainly" */;
			buildPhases = (
				74BFA8C329F587D300F0016C /* Sources */,
				74BFA8C429F587D300F0016C /* Frameworks */,
				74BFA8C529F587D300F0016C /* Resources */,
			);
			buildRules = (
			);
			dependencies = (
			);
			name = Trainly;
			productName = Trainly;
			productReference = 74BFA8C729F587D300F0016C /* Trainly.app */;
			productType = "com.apple.product-type.application";
		};
		74BFA8D629F587D600F0016C /* TrainlyTests */ = {
			isa = PBXNativeTarget;
			buildConfigurationList = 74BFA8EE29F587D600F0016C /* Build configuration list for PBXNativeTarget "TrainlyTests" */;
			buildPhases = (
				74BFA8D329F587D600F0016C /* Sources */,
				74BFA8D429F587D600F0016C /* Frameworks */,
				74BFA8D529F587D600F0016C /* Resources */,
			);
			buildRules = (
			);
			dependencies = (
				74BFA8D929F587D600F0016C /* PBXTargetDependency */,
			);
			name = TrainlyTests;
			productName = TrainlyTests;
			productReference = 74BFA8D729F587D600F0016C /* TrainlyTests.xctest */;
			productType = "com.apple.product-type.bundle.unit-test";
		};
		74BFA8E029F587D600F0016C /* TrainlyUITests */ = {
			isa = PBXNativeTarget;
			buildConfigurationList = 74BFA8F129F587D600F0016C /* Build configuration list for PBXNativeTarget "TrainlyUITests" */;
			buildPhases = (
				74BFA8DD29F587D600F0016C /* Sources */,
				74BFA8DE29F587D600F0016C /* Frameworks */,
				74BFA8DF29F587D600F0016C /* Resources */,
			);
			buildRules = (
			);
			dependencies = (
				74BFA8E329F587D600F0016C /* PBXTargetDependency */,
			);
			name = TrainlyUITests;
			productName = TrainlyUITests;
			productReference = 74BFA8E129F587D600F0016C /* TrainlyUITests.xctest */;
			productType = "com.apple.product-type.bundle.ui-testing";
		};
/* End PBXNativeTarget section */

/* Begin PBXProject section */
		74BFA8BF29F587D300F0016C /* Project object */ = {
			isa = PBXProject;
			attributes = {
				BuildIndependentTargetsInParallel = 1;
				LastSwiftUpdateCheck = 1320;
				LastUpgradeCheck = 1320;
				TargetAttributes = {
					74BFA8C629F587D300F0016C = {
						CreatedOnToolsVersion = 13.2.1;
					};
					74BFA8D629F587D600F0016C = {
						CreatedOnToolsVersion = 13.2.1;
						TestTargetID = 74BFA8C629F587D300F0016C;
					};
					74BFA8E029F587D600F0016C = {
						CreatedOnToolsVersion = 13.2.1;
						TestTargetID = 74BFA8C629F587D300F0016C;
					};
				};
			};
			buildConfigurationList = 74BFA8C229F587D300F0016C /* Build configuration list for PBXProject "Trainly" */;
			compatibilityVersion = "Xcode 13.0";
			developmentRegion = en;
			hasScannedForEncodings = 0;
			knownRegions = (
				en,
				Base,
			);
			mainGroup = 74BFA8BE29F587D300F0016C;
			productRefGroup = 74BFA8C829F587D300F0016C /* Products */;
			projectDirPath = "";
			projectRoot = "";
			targets = (
				74BFA8C629F587D300F0016C /* Trainly */,
				74BFA8D629F587D600F0016C /* TrainlyTests */,
				74BFA8E029F587D600F0016C /* TrainlyUITests */,
			);
		};
/* End PBXProject section */

/* Begin PBXResourcesBuildPhase section */
		74BFA8C529F587D300F0016C /* Resources */ = {
			isa = PBXResourcesBuildPhase;
			buildActionMask = 2147483647;
			files = (
				74BFA8D229F587D500F0016C /* Preview Assets.xcassets in Resources */,
				74BFA8CF29F587D500F0016C /* Assets.xcassets in Resources */,
			);
			runOnlyForDeploymentPostprocessing = 0;
		};
		74BFA8D529F587D600F0016C /* Resources */ = {
			isa = PBXResourcesBuildPhase;
			buildActionMask = 2147483647;
			files = (
			);
			runOnlyForDeploymentPostprocessing = 0;
		};
		74BFA8DF29F587D600F0016C /* Resources */ = {
			isa = PBXResourcesBuildPhase;
			buildActionMask = 2147483647;
			files = (
			);
			runOnlyForDeploymentPostprocessing = 0;
		};
/* End PBXResourcesBuildPhase section */

/* Begin PBXSourcesBuildPhase section */
		74BFA8C329F587D300F0016C /* Sources */ = {
			isa = PBXSourcesBuildPhase;
			buildActionMask = 2147483647;
			files = (
				74BFA8F829F589D000F0016C /* TaskBar.swift in Sources */,
				7488502C2A03B50A00F8BC47 /* TrainingsData.swift in Sources */,
				7463C9152A1611C30080B54E /* PointsNumView.swift in Sources */,
				7481BFD92A0A5B4800E7E605 /* ExercisesView.swift in Sources */,
				748850202A00440F00F8BC47 /* Background.swift in Sources */,
				7487127629FE8933005313AA /* TestView.swift in Sources */,
				7463C9172A16B0410080B54E /* CoinNumber.swift in Sources */,
				7488501E2A003E6200F8BC47 /* StatsIcon.swift in Sources */,
				74BFA8CD29F587D300F0016C /* ContentView.swift in Sources */,
				748850352A04FBE800F8BC47 /* SlideView.swift in Sources */,
				7463C91D2A1773E80080B54E /* YourCoinView.swift in Sources */,
				748850252A03AB7D00F8BC47 /* CentrumView.swift in Sources */,
				7488502A2A03B26800F8BC47 /* TrainingsModel.swift in Sources */,
				7463C9192A16C28A0080B54E /* FavIconView.swift in Sources */,
				7463C91B2A1758DE0080B54E /* MainHomeView.swift in Sources */,
				74BFA8CB29F587D300F0016C /* TrainlyApp.swift in Sources */,
				7488502F2A03B61E00F8BC47 /* Tescik.swift in Sources */,
				748850372A051AA100F8BC47 /* SettingsIcon.swift in Sources */,
				7481BFD52A0A3B3600E7E605 /* ShopView.swift in Sources */,
				7487127429FE84D4005313AA /* ShopIcon.swift in Sources */,
			);
			runOnlyForDeploymentPostprocessing = 0;
		};
		74BFA8D329F587D600F0016C /* Sources */ = {
			isa = PBXSourcesBuildPhase;
			buildActionMask = 2147483647;
			files = (
				74BFA8DC29F587D600F0016C /* TrainlyTests.swift in Sources */,
			);
			runOnlyForDeploymentPostprocessing = 0;
		};
		74BFA8DD29F587D600F0016C /* Sources */ = {
			isa = PBXSourcesBuildPhase;
			buildActionMask = 2147483647;
			files = (
				74BFA8E829F587D600F0016C /* TrainlyUITestsLaunchTests.swift in Sources */,
				74BFA8E629F587D600F0016C /* TrainlyUITests.swift in Sources */,
			);
			runOnlyForDeploymentPostprocessing = 0;
		};
/* End PBXSourcesBuildPhase section */

/* Begin PBXTargetDependency section */
		74BFA8D929F587D600F0016C /* PBXTargetDependency */ = {
			isa = PBXTargetDependency;
			target = 74BFA8C629F587D300F0016C /* Trainly */;
			targetProxy = 74BFA8D829F587D600F0016C /* PBXContainerItemProxy */;
		};
		74BFA8E329F587D600F0016C /* PBXTargetDependency */ = {
			isa = PBXTargetDependency;
			target = 74BFA8C629F587D300F0016C /* Trainly */;
			targetProxy = 74BFA8E229F587D600F0016C /* PBXContainerItemProxy */;
		};
/* End PBXTargetDependency section */

/* Begin XCBuildConfiguration section */
		74BFA8E929F587D600F0016C /* Debug */ = {
			isa = XCBuildConfiguration;
			buildSettings = {
				ALWAYS_SEARCH_USER_PATHS = NO;
				CLANG_ANALYZER_NONNULL = YES;
				CLANG_ANALYZER_NUMBER_OBJECT_CONVERSION = YES_AGGRESSIVE;
				CLANG_CXX_LANGUAGE_STANDARD = "gnu++17";
				CLANG_CXX_LIBRARY = "libc++";
				CLANG_ENABLE_MODULES = YES;
				CLANG_ENABLE_OBJC_ARC = YES;
				CLANG_ENABLE_OBJC_WEAK = YES;
				CLANG_WARN_BLOCK_CAPTURE_AUTORELEASING = YES;
				CLANG_WARN_BOOL_CONVERSION = YES;
				CLANG_WARN_COMMA = YES;
				CLANG_WARN_CONSTANT_CONVERSION = YES;
				CLANG_WARN_DEPRECATED_OBJC_IMPLEMENTATIONS = YES;
				CLANG_WARN_DIRECT_OBJC_ISA_USAGE = YES_ERROR;
				CLANG_WARN_DOCUMENTATION_COMMENTS = YES;
				CLANG_WARN_EMPTY_BODY = YES;
				CLANG_WARN_ENUM_CONVERSION = YES;
				CLANG_WARN_INFINITE_RECURSION = YES;
				CLANG_WARN_INT_CONVERSION = YES;
				CLANG_WARN_NON_LITERAL_NULL_CONVERSION = YES;
				CLANG_WARN_OBJC_IMPLICIT_RETAIN_SELF = YES;
				CLANG_WARN_OBJC_LITERAL_CONVERSION = YES;
				CLANG_WARN_OBJC_ROOT_CLASS = YES_ERROR;
				CLANG_WARN_QUOTED_INCLUDE_IN_FRAMEWORK_HEADER = YES;
				CLANG_WARN_RANGE_LOOP_ANALYSIS = YES;
				CLANG_WARN_STRICT_PROTOTYPES = YES;
				CLANG_WARN_SUSPICIOUS_MOVE = YES;
				CLANG_WARN_UNGUARDED_AVAILABILITY = YES_AGGRESSIVE;
				CLANG_WARN_UNREACHABLE_CODE = YES;
				CLANG_WARN__DUPLICATE_METHOD_MATCH = YES;
				COPY_PHASE_STRIP = NO;
				DEBUG_INFORMATION_FORMAT = dwarf;
				ENABLE_STRICT_OBJC_MSGSEND = YES;
				ENABLE_TESTABILITY = YES;
				GCC_C_LANGUAGE_STANDARD = gnu11;
				GCC_DYNAMIC_NO_PIC = NO;
				GCC_NO_COMMON_BLOCKS = YES;
				GCC_OPTIMIZATION_LEVEL = 0;
				GCC_PREPROCESSOR_DEFINITIONS = (
					"DEBUG=1",
					"$(inherited)",
				);
				GCC_WARN_64_TO_32_BIT_CONVERSION = YES;
				GCC_WARN_ABOUT_RETURN_TYPE = YES_ERROR;
				GCC_WARN_UNDECLARED_SELECTOR = YES;
				GCC_WARN_UNINITIALIZED_AUTOS = YES_AGGRESSIVE;
				GCC_WARN_UNUSED_FUNCTION = YES;
				GCC_WARN_UNUSED_VARIABLE = YES;
				IPHONEOS_DEPLOYMENT_TARGET = 15.2;
				MTL_ENABLE_DEBUG_INFO = INCLUDE_SOURCE;
				MTL_FAST_MATH = YES;
				ONLY_ACTIVE_ARCH = YES;
				SDKROOT = iphoneos;
				SWIFT_ACTIVE_COMPILATION_CONDITIONS = DEBUG;
				SWIFT_OPTIMIZATION_LEVEL = "-Onone";
			};
			name = Debug;
		};
		74BFA8EA29F587D600F0016C /* Release */ = {
			isa = XCBuildConfiguration;
			buildSettings = {
				ALWAYS_SEARCH_USER_PATHS = NO;
				CLANG_ANALYZER_NONNULL = YES;
				CLANG_ANALYZER_NUMBER_OBJECT_CONVERSION = YES_AGGRESSIVE;
				CLANG_CXX_LANGUAGE_STANDARD = "gnu++17";
				CLANG_CXX_LIBRARY = "libc++";
				CLANG_ENABLE_MODULES = YES;
				CLANG_ENABLE_OBJC_ARC = YES;
				CLANG_ENABLE_OBJC_WEAK = YES;
				CLANG_WARN_BLOCK_CAPTURE_AUTORELEASING = YES;
				CLANG_WARN_BOOL_CONVERSION = YES;
				CLANG_WARN_COMMA = YES;
				CLANG_WARN_CONSTANT_CONVERSION = YES;
				CLANG_WARN_DEPRECATED_OBJC_IMPLEMENTATIONS = YES;
				CLANG_WARN_DIRECT_OBJC_ISA_USAGE = YES_ERROR;
				CLANG_WARN_DOCUMENTATION_COMMENTS = YES;
				CLANG_WARN_EMPTY_BODY = YES;
				CLANG_WARN_ENUM_CONVERSION = YES;
				CLANG_WARN_INFINITE_RECURSION = YES;
				CLANG_WARN_INT_CONVERSION = YES;
				CLANG_WARN_NON_LITERAL_NULL_CONVERSION = YES;
				CLANG_WARN_OBJC_IMPLICIT_RETAIN_SELF = YES;
				CLANG_WARN_OBJC_LITERAL_CONVERSION = YES;
				CLANG_WARN_OBJC_ROOT_CLASS = YES_ERROR;
				CLANG_WARN_QUOTED_INCLUDE_IN_FRAMEWORK_HEADER = YES;
				CLANG_WARN_RANGE_LOOP_ANALYSIS = YES;
				CLANG_WARN_STRICT_PROTOTYPES = YES;
				CLANG_WARN_SUSPICIOUS_MOVE = YES;
				CLANG_WARN_UNGUARDED_AVAILABILITY = YES_AGGRESSIVE;
				CLANG_WARN_UNREACHABLE_CODE = YES;
				CLANG_WARN__DUPLICATE_METHOD_MATCH = YES;
				COPY_PHASE_STRIP = NO;
				DEBUG_INFORMATION_FORMAT = "dwarf-with-dsym";
				ENABLE_NS_ASSERTIONS = NO;
				ENABLE_STRICT_OBJC_MSGSEND = YES;
				GCC_C_LANGUAGE_STANDARD = gnu11;
				GCC_NO_COMMON_BLOCKS = YES;
				GCC_WARN_64_TO_32_BIT_CONVERSION = YES;
				GCC_WARN_ABOUT_RETURN_TYPE = YES_ERROR;
				GCC_WARN_UNDECLARED_SELECTOR = YES;
				GCC_WARN_UNINITIALIZED_AUTOS = YES_AGGRESSIVE;
				GCC_WARN_UNUSED_FUNCTION = YES;
				GCC_WARN_UNUSED_VARIABLE = YES;
				IPHONEOS_DEPLOYMENT_TARGET = 15.2;
				MTL_ENABLE_DEBUG_INFO = NO;
				MTL_FAST_MATH = YES;
				SDKROOT = iphoneos;
				SWIFT_COMPILATION_MODE = wholemodule;
				SWIFT_OPTIMIZATION_LEVEL = "-O";
				VALIDATE_PRODUCT = YES;
			};
			name = Release;
		};
		74BFA8EC29F587D600F0016C /* Debug */ = {
			isa = XCBuildConfiguration;
			buildSettings = {
				ASSETCATALOG_COMPILER_APPICON_NAME = AppIcon;
				ASSETCATALOG_COMPILER_GLOBAL_ACCENT_COLOR_NAME = AccentColor;
				CODE_SIGN_STYLE = Automatic;
				CURRENT_PROJECT_VERSION = 1;
				DEVELOPMENT_ASSET_PATHS = "\"Trainly/Preview Content\"";
				DEVELOPMENT_TEAM = N2H3Y4T2K4;
				ENABLE_PREVIEWS = YES;
				GENERATE_INFOPLIST_FILE = YES;
				INFOPLIST_KEY_UIApplicationSceneManifest_Generation = YES;
				INFOPLIST_KEY_UIApplicationSupportsIndirectInputEvents = YES;
				INFOPLIST_KEY_UILaunchScreen_Generation = YES;
				INFOPLIST_KEY_UISupportedInterfaceOrientations_iPad = "UIInterfaceOrientationPortrait UIInterfaceOrientationPortraitUpsideDown UIInterfaceOrientationLandscapeLeft UIInterfaceOrientationLandscapeRight";
				INFOPLIST_KEY_UISupportedInterfaceOrientations_iPhone = "UIInterfaceOrientationPortrait UIInterfaceOrientationLandscapeLeft UIInterfaceOrientationLandscapeRight";
				LD_RUNPATH_SEARCH_PATHS = (
					"$(inherited)",
					"@executable_path/Frameworks",
				);
				MARKETING_VERSION = 1.0;
				PRODUCT_BUNDLE_IDENTIFIER = com.shakeit.Trainly;
				PRODUCT_NAME = "$(TARGET_NAME)";
				SWIFT_EMIT_LOC_STRINGS = YES;
				SWIFT_VERSION = 5.0;
				TARGETED_DEVICE_FAMILY = "1,2";
			};
			name = Debug;
		};
		74BFA8ED29F587D600F0016C /* Release */ = {
			isa = XCBuildConfiguration;
			buildSettings = {
				ASSETCATALOG_COMPILER_APPICON_NAME = AppIcon;
				ASSETCATALOG_COMPILER_GLOBAL_ACCENT_COLOR_NAME = AccentColor;
				CODE_SIGN_STYLE = Automatic;
				CURRENT_PROJECT_VERSION = 1;
				DEVELOPMENT_ASSET_PATHS = "\"Trainly/Preview Content\"";
				DEVELOPMENT_TEAM = N2H3Y4T2K4;
				ENABLE_PREVIEWS = YES;
				GENERATE_INFOPLIST_FILE = YES;
				INFOPLIST_KEY_UIApplicationSceneManifest_Generation = YES;
				INFOPLIST_KEY_UIApplicationSupportsIndirectInputEvents = YES;
				INFOPLIST_KEY_UILaunchScreen_Generation = YES;
				INFOPLIST_KEY_UISupportedInterfaceOrientations_iPad = "UIInterfaceOrientationPortrait UIInterfaceOrientationPortraitUpsideDown UIInterfaceOrientationLandscapeLeft UIInterfaceOrientationLandscapeRight";
				INFOPLIST_KEY_UISupportedInterfaceOrientations_iPhone = "UIInterfaceOrientationPortrait UIInterfaceOrientationLandscapeLeft UIInterfaceOrientationLandscapeRight";
				LD_RUNPATH_SEARCH_PATHS = (
					"$(inherited)",
					"@executable_path/Frameworks",
				);
				MARKETING_VERSION = 1.0;
				PRODUCT_BUNDLE_IDENTIFIER = com.shakeit.Trainly;
				PRODUCT_NAME = "$(TARGET_NAME)";
				SWIFT_EMIT_LOC_STRINGS = YES;
				SWIFT_VERSION = 5.0;
				TARGETED_DEVICE_FAMILY = "1,2";
			};
			name = Release;
		};
		74BFA8EF29F587D600F0016C /* Debug */ = {
			isa = XCBuildConfiguration;
			buildSettings = {
				ALWAYS_EMBED_SWIFT_STANDARD_LIBRARIES = YES;
				BUNDLE_LOADER = "$(TEST_HOST)";
				CODE_SIGN_STYLE = Automatic;
				CURRENT_PROJECT_VERSION = 1;
				DEVELOPMENT_TEAM = N2H3Y4T2K4;
				GENERATE_INFOPLIST_FILE = YES;
				IPHONEOS_DEPLOYMENT_TARGET = 15.2;
				MARKETING_VERSION = 1.0;
				PRODUCT_BUNDLE_IDENTIFIER = com.shakeit.TrainlyTests;
				PRODUCT_NAME = "$(TARGET_NAME)";
				SWIFT_EMIT_LOC_STRINGS = NO;
				SWIFT_VERSION = 5.0;
				TARGETED_DEVICE_FAMILY = "1,2";
				TEST_HOST = "$(BUILT_PRODUCTS_DIR)/Trainly.app/Trainly";
			};
			name = Debug;
		};
		74BFA8F029F587D600F0016C /* Release */ = {
			isa = XCBuildConfiguration;
			buildSettings = {
				ALWAYS_EMBED_SWIFT_STANDARD_LIBRARIES = YES;
				BUNDLE_LOADER = "$(TEST_HOST)";
				CODE_SIGN_STYLE = Automatic;
				CURRENT_PROJECT_VERSION = 1;
				DEVELOPMENT_TEAM = N2H3Y4T2K4;
				GENERATE_INFOPLIST_FILE = YES;
				IPHONEOS_DEPLOYMENT_TARGET = 15.2;
				MARKETING_VERSION = 1.0;
				PRODUCT_BUNDLE_IDENTIFIER = com.shakeit.TrainlyTests;
				PRODUCT_NAME = "$(TARGET_NAME)";
				SWIFT_EMIT_LOC_STRINGS = NO;
				SWIFT_VERSION = 5.0;
				TARGETED_DEVICE_FAMILY = "1,2";
				TEST_HOST = "$(BUILT_PRODUCTS_DIR)/Trainly.app/Trainly";
			};
			name = Release;
		};
		74BFA8F229F587D600F0016C /* Debug */ = {
			isa = XCBuildConfiguration;
			buildSettings = {
				ALWAYS_EMBED_SWIFT_STANDARD_LIBRARIES = YES;
				CODE_SIGN_STYLE = Automatic;
				CURRENT_PROJECT_VERSION = 1;
				DEVELOPMENT_TEAM = N2H3Y4T2K4;
				GENERATE_INFOPLIST_FILE = YES;
				MARKETING_VERSION = 1.0;
				PRODUCT_BUNDLE_IDENTIFIER = com.shakeit.TrainlyUITests;
				PRODUCT_NAME = "$(TARGET_NAME)";
				SWIFT_EMIT_LOC_STRINGS = NO;
				SWIFT_VERSION = 5.0;
				TARGETED_DEVICE_FAMILY = "1,2";
				TEST_TARGET_NAME = Trainly;
			};
			name = Debug;
		};
		74BFA8F329F587D600F0016C /* Release */ = {
			isa = XCBuildConfiguration;
			buildSettings = {
				ALWAYS_EMBED_SWIFT_STANDARD_LIBRARIES = YES;
				CODE_SIGN_STYLE = Automatic;
				CURRENT_PROJECT_VERSION = 1;
				DEVELOPMENT_TEAM = N2H3Y4T2K4;
				GENERATE_INFOPLIST_FILE = YES;
				MARKETING_VERSION = 1.0;
				PRODUCT_BUNDLE_IDENTIFIER = com.shakeit.TrainlyUITests;
				PRODUCT_NAME = "$(TARGET_NAME)";
				SWIFT_EMIT_LOC_STRINGS = NO;
				SWIFT_VERSION = 5.0;
				TARGETED_DEVICE_FAMILY = "1,2";
				TEST_TARGET_NAME = Trainly;
			};
			name = Release;
		};
/* End XCBuildConfiguration section */

/* Begin XCConfigurationList section */
		74BFA8C229F587D300F0016C /* Build configuration list for PBXProject "Trainly" */ = {
			isa = XCConfigurationList;
			buildConfigurations = (
				74BFA8E929F587D600F0016C /* Debug */,
				74BFA8EA29F587D600F0016C /* Release */,
			);
			defaultConfigurationIsVisible = 0;
			defaultConfigurationName = Release;
		};
		74BFA8EB29F587D600F0016C /* Build configuration list for PBXNativeTarget "Trainly" */ = {
			isa = XCConfigurationList;
			buildConfigurations = (
				74BFA8EC29F587D600F0016C /* Debug */,
				74BFA8ED29F587D600F0016C /* Release */,
			);
			defaultConfigurationIsVisible = 0;
			defaultConfigurationName = Release;
		};
		74BFA8EE29F587D600F0016C /* Build configuration list for PBXNativeTarget "TrainlyTests" */ = {
			isa = XCConfigurationList;
			buildConfigurations = (
				74BFA8EF29F587D600F0016C /* Debug */,
				74BFA8F029F587D600F0016C /* Release */,
			);
			defaultConfigurationIsVisible = 0;
			defaultConfigurationName = Release;
		};
		74BFA8F129F587D600F0016C /* Build configuration list for PBXNativeTarget "TrainlyUITests" */ = {
			isa = XCConfigurationList;
			buildConfigurations = (
				74BFA8F229F587D600F0016C /* Debug */,
				74BFA8F329F587D600F0016C /* Release */,
			);
			defaultConfigurationIsVisible = 0;
			defaultConfigurationName = Release;
		};
/* End XCConfigurationList section */
	};
	rootObject = 74BFA8BF29F587D300F0016C /* Project object */;
}
